// !$*UTF8*$!
{
	archiveVersion = 1;
	classes = {
	};
	objectVersion = 50;
	objects = {

/* Begin PBXBuildFile section */
		3631E0D6DDBC26D7F523F74B /* Pods_Utilities_iOS.framework in Frameworks */ = {isa = PBXBuildFile; fileRef = 73865062C7987936BFB03C1D /* Pods_Utilities_iOS.framework */; };
		CE01C98323019FD700C87440 /* Request.swift in Sources */ = {isa = PBXBuildFile; fileRef = CE01C98223019FD700C87440 /* Request.swift */; };
		CE01C9872301A10A00C87440 /* General.swift in Sources */ = {isa = PBXBuildFile; fileRef = CE01C9862301A10A00C87440 /* General.swift */; };
		CE35BBFA22FF07DA00DC1434 /* AppDelegate.swift in Sources */ = {isa = PBXBuildFile; fileRef = CE35BBF922FF07DA00DC1434 /* AppDelegate.swift */; };
		CE35BBFC22FF07DA00DC1434 /* ViewController.swift in Sources */ = {isa = PBXBuildFile; fileRef = CE35BBFB22FF07DA00DC1434 /* ViewController.swift */; };
		CE35BBFF22FF07DA00DC1434 /* Main.storyboard in Resources */ = {isa = PBXBuildFile; fileRef = CE35BBFD22FF07DA00DC1434 /* Main.storyboard */; };
		CE35BC0122FF07DC00DC1434 /* Assets.xcassets in Resources */ = {isa = PBXBuildFile; fileRef = CE35BC0022FF07DC00DC1434 /* Assets.xcassets */; };
		CE35BC0422FF07DC00DC1434 /* LaunchScreen.storyboard in Resources */ = {isa = PBXBuildFile; fileRef = CE35BC0222FF07DC00DC1434 /* LaunchScreen.storyboard */; };
		CE35BC0E22FF08F400DC1434 /* String.swift in Sources */ = {isa = PBXBuildFile; fileRef = CE35BC0D22FF08F400DC1434 /* String.swift */; };
		CE35BC6022FF14EB00DC1434 /* Array+Extensions.swift in Sources */ = {isa = PBXBuildFile; fileRef = CE35BC1122FF14EA00DC1434 /* Array+Extensions.swift */; };
		CE35BC6122FF14EB00DC1434 /* UISegmentedControl+Extensions.swift in Sources */ = {isa = PBXBuildFile; fileRef = CE35BC1222FF14EA00DC1434 /* UISegmentedControl+Extensions.swift */; };
		CE35BC6222FF14EB00DC1434 /* UIImageView+Extensions.swift in Sources */ = {isa = PBXBuildFile; fileRef = CE35BC1322FF14EA00DC1434 /* UIImageView+Extensions.swift */; };
		CE35BC6322FF14EB00DC1434 /* UIViewController+Extensions.swift in Sources */ = {isa = PBXBuildFile; fileRef = CE35BC1422FF14EA00DC1434 /* UIViewController+Extensions.swift */; };
		CE35BC6422FF14EB00DC1434 /* UIView+Extensions.swift in Sources */ = {isa = PBXBuildFile; fileRef = CE35BC1522FF14EA00DC1434 /* UIView+Extensions.swift */; };
		CE35BC6522FF14EB00DC1434 /* Date+Extension.swift in Sources */ = {isa = PBXBuildFile; fileRef = CE35BC1622FF14EA00DC1434 /* Date+Extension.swift */; };
		CE35BC6622FF14EB00DC1434 /* String+Extensions.swift in Sources */ = {isa = PBXBuildFile; fileRef = CE35BC1722FF14EA00DC1434 /* String+Extensions.swift */; };
		CE35BC6722FF14EB00DC1434 /* UITextView+Extensions.swift in Sources */ = {isa = PBXBuildFile; fileRef = CE35BC1822FF14EA00DC1434 /* UITextView+Extensions.swift */; };
		CE35BC6822FF14EB00DC1434 /* UIColor+Extensions.swift in Sources */ = {isa = PBXBuildFile; fileRef = CE35BC1922FF14EA00DC1434 /* UIColor+Extensions.swift */; };
		CE35BC6922FF14EB00DC1434 /* UIImage+Extensions.swift in Sources */ = {isa = PBXBuildFile; fileRef = CE35BC1A22FF14EA00DC1434 /* UIImage+Extensions.swift */; };
		CE35BC6A22FF14EB00DC1434 /* UISearchBar+Extensions.swift in Sources */ = {isa = PBXBuildFile; fileRef = CE35BC1B22FF14EA00DC1434 /* UISearchBar+Extensions.swift */; };
		CE35BC6B22FF14EB00DC1434 /* UIApplication+Extensions.swift in Sources */ = {isa = PBXBuildFile; fileRef = CE35BC1C22FF14EA00DC1434 /* UIApplication+Extensions.swift */; };
		CE35BC6C22FF14EB00DC1434 /* UIAlertController+Extensions.swift in Sources */ = {isa = PBXBuildFile; fileRef = CE35BC1D22FF14EA00DC1434 /* UIAlertController+Extensions.swift */; };
		CE35BC6D22FF14EB00DC1434 /* Optional+Extensions.swift in Sources */ = {isa = PBXBuildFile; fileRef = CE35BC1E22FF14EA00DC1434 /* Optional+Extensions.swift */; };
		CE35BC6E22FF14EB00DC1434 /* Common+Extensions.swift in Sources */ = {isa = PBXBuildFile; fileRef = CE35BC1F22FF14EA00DC1434 /* Common+Extensions.swift */; };
		CE35BC6F22FF14EB00DC1434 /* Locale+Extensions.swift in Sources */ = {isa = PBXBuildFile; fileRef = CE35BC2022FF14EA00DC1434 /* Locale+Extensions.swift */; };
		CE35BC7022FF14EB00DC1434 /* UITextField+Extensions.swift in Sources */ = {isa = PBXBuildFile; fileRef = CE35BC2122FF14EA00DC1434 /* UITextField+Extensions.swift */; };
		CE35BC7122FF14EB00DC1434 /* AttributedTextBlock.swift in Sources */ = {isa = PBXBuildFile; fileRef = CE35BC2422FF14EA00DC1434 /* AttributedTextBlock.swift */; };
		CE35BC7222FF14EB00DC1434 /* TextViewController.swift in Sources */ = {isa = PBXBuildFile; fileRef = CE35BC2522FF14EA00DC1434 /* TextViewController.swift */; };
		CE35BC7322FF14EB00DC1434 /* Countries.bundle in Resources */ = {isa = PBXBuildFile; fileRef = CE35BC2822FF14EA00DC1434 /* Countries.bundle */; };
		CE35BC7422FF14EB00DC1434 /* LocaleStore.swift in Sources */ = {isa = PBXBuildFile; fileRef = CE35BC2A22FF14EA00DC1434 /* LocaleStore.swift */; };
		CE35BC7522FF14EB00DC1434 /* LocaleInfo.swift in Sources */ = {isa = PBXBuildFile; fileRef = CE35BC2C22FF14EA00DC1434 /* LocaleInfo.swift */; };
		CE35BC7622FF14EB00DC1434 /* LocalePickerViewController.swift in Sources */ = {isa = PBXBuildFile; fileRef = CE35BC2D22FF14EA00DC1434 /* LocalePickerViewController.swift */; };
		CE35BC7722FF14EB00DC1434 /* PhoneCodeCell.swift in Sources */ = {isa = PBXBuildFile; fileRef = CE35BC2F22FF14EA00DC1434 /* PhoneCodeCell.swift */; };
		CE35BC7822FF14EB00DC1434 /* CurrencyCell.swift in Sources */ = {isa = PBXBuildFile; fileRef = CE35BC3022FF14EA00DC1434 /* CurrencyCell.swift */; };
		CE35BC7922FF14EB00DC1434 /* CountryCell.swift in Sources */ = {isa = PBXBuildFile; fileRef = CE35BC3122FF14EA00DC1434 /* CountryCell.swift */; };
		CE35BC7A22FF14EB00DC1434 /* TwoTextFieldsViewController.swift in Sources */ = {isa = PBXBuildFile; fileRef = CE35BC3322FF14EA00DC1434 /* TwoTextFieldsViewController.swift */; };
		CE35BC7B22FF14EB00DC1434 /* OneTextFieldViewController.swift in Sources */ = {isa = PBXBuildFile; fileRef = CE35BC3422FF14EA00DC1434 /* OneTextFieldViewController.swift */; };
		CE35BC7C22FF14EB00DC1434 /* Assets.swift in Sources */ = {isa = PBXBuildFile; fileRef = CE35BC3722FF14EA00DC1434 /* Assets.swift */; };
		CE35BC7D22FF14EB00DC1434 /* PhotoLibraryPickerViewController.swift in Sources */ = {isa = PBXBuildFile; fileRef = CE35BC3822FF14EA00DC1434 /* PhotoLibraryPickerViewController.swift */; };
		CE35BC7E22FF14EB00DC1434 /* LocationSearchResultsViewController.swift in Sources */ = {isa = PBXBuildFile; fileRef = CE35BC3A22FF14EA00DC1434 /* LocationSearchResultsViewController.swift */; };
		CE35BC7F22FF14EB00DC1434 /* LocationPickerViewController.swift in Sources */ = {isa = PBXBuildFile; fileRef = CE35BC3B22FF14EA00DC1434 /* LocationPickerViewController.swift */; };
		CE35BC8022FF14EB00DC1434 /* SearchHistoryManager.swift in Sources */ = {isa = PBXBuildFile; fileRef = CE35BC3D22FF14EA00DC1434 /* SearchHistoryManager.swift */; };
		CE35BC8122FF14EB00DC1434 /* Location.swift in Sources */ = {isa = PBXBuildFile; fileRef = CE35BC3F22FF14EA00DC1434 /* Location.swift */; };
		CE35BC8222FF14EB00DC1434 /* Address.swift in Sources */ = {isa = PBXBuildFile; fileRef = CE35BC4022FF14EA00DC1434 /* Address.swift */; };
		CE35BC8322FF14EB00DC1434 /* PickerViewViewController.swift in Sources */ = {isa = PBXBuildFile; fileRef = CE35BC4222FF14EA00DC1434 /* PickerViewViewController.swift */; };
		CE35BC8422FF14EB00DC1434 /* ContactsPickerViewController.swift in Sources */ = {isa = PBXBuildFile; fileRef = CE35BC4422FF14EA00DC1434 /* ContactsPickerViewController.swift */; };
		CE35BC8522FF14EB00DC1434 /* Contacts.swift in Sources */ = {isa = PBXBuildFile; fileRef = CE35BC4622FF14EA00DC1434 /* Contacts.swift */; };
		CE35BC8622FF14EB00DC1434 /* Contact.swift in Sources */ = {isa = PBXBuildFile; fileRef = CE35BC4822FF14EA00DC1434 /* Contact.swift */; };
		CE35BC8722FF14EB00DC1434 /* ContactCell.swift in Sources */ = {isa = PBXBuildFile; fileRef = CE35BC4A22FF14EA00DC1434 /* ContactCell.swift */; };
		CE35BC8822FF14EB00DC1434 /* ColorPickerViewController.swift in Sources */ = {isa = PBXBuildFile; fileRef = CE35BC4C22FF14EA00DC1434 /* ColorPickerViewController.swift */; };
		CE35BC8922FF14EB00DC1434 /* DatePickerViewController.swift in Sources */ = {isa = PBXBuildFile; fileRef = CE35BC4E22FF14EA00DC1434 /* DatePickerViewController.swift */; };
		CE35BC8A22FF14EB00DC1434 /* ImagePickerViewController.swift in Sources */ = {isa = PBXBuildFile; fileRef = CE35BC5022FF14EA00DC1434 /* ImagePickerViewController.swift */; };
		CE35BC8B22FF14EB00DC1434 /* ItemWithImage.swift in Sources */ = {isa = PBXBuildFile; fileRef = CE35BC5222FF14EA00DC1434 /* ItemWithImage.swift */; };
		CE35BC8C22FF14EB00DC1434 /* PhotoLayout.swift in Sources */ = {isa = PBXBuildFile; fileRef = CE35BC5522FF14EA00DC1434 /* PhotoLayout.swift */; };
		CE35BC8D22FF14EB00DC1434 /* TelegramPickerViewController.swift in Sources */ = {isa = PBXBuildFile; fileRef = CE35BC5622FF14EA00DC1434 /* TelegramPickerViewController.swift */; };
		CE35BC8E22FF14EB00DC1434 /* ItemWithPhoto.swift in Sources */ = {isa = PBXBuildFile; fileRef = CE35BC5822FF14EA00DC1434 /* ItemWithPhoto.swift */; };
		CE35BC8F22FF14EB00DC1434 /* LikeButtonCell.swift in Sources */ = {isa = PBXBuildFile; fileRef = CE35BC5922FF14EA00DC1434 /* LikeButtonCell.swift */; };
		CE35BC9022FF14EB00DC1434 /* Label.swift in Sources */ = {isa = PBXBuildFile; fileRef = CE35BC5B22FF14EA00DC1434 /* Label.swift */; };
		CE35BC9122FF14EB00DC1434 /* SegmentedControl.swift in Sources */ = {isa = PBXBuildFile; fileRef = CE35BC5C22FF14EA00DC1434 /* SegmentedControl.swift */; };
		CE35BC9222FF14EB00DC1434 /* GradientSlider.swift in Sources */ = {isa = PBXBuildFile; fileRef = CE35BC5D22FF14EA00DC1434 /* GradientSlider.swift */; };
		CE35BC9322FF14EB00DC1434 /* TextField.swift in Sources */ = {isa = PBXBuildFile; fileRef = CE35BC5E22FF14EA00DC1434 /* TextField.swift */; };
		CE35BC9422FF14EB00DC1434 /* Button.swift in Sources */ = {isa = PBXBuildFile; fileRef = CE35BC5F22FF14EA00DC1434 /* Button.swift */; };
		CE35BC9622FF1E5B00DC1434 /* Alert.swift in Sources */ = {isa = PBXBuildFile; fileRef = CE35BC9522FF1E5B00DC1434 /* Alert.swift */; };
		CE5226FC22FF372D007F5A9D /* Image.swift in Sources */ = {isa = PBXBuildFile; fileRef = CE5226FB22FF372D007F5A9D /* Image.swift */; };
		CE62AF38233E82C000F71489 /* AVKitViewController.swift in Sources */ = {isa = PBXBuildFile; fileRef = CE62AF37233E82C000F71489 /* AVKitViewController.swift */; };
		CE650637233E01E800D843C5 /* VideoPlayerViewController.swift in Sources */ = {isa = PBXBuildFile; fileRef = CE650636233E01E800D843C5 /* VideoPlayerViewController.swift */; };
		CEAA5240233E2E2100551546 /* play.png in Resources */ = {isa = PBXBuildFile; fileRef = CEAA523E233E2E2000551546 /* play.png */; };
		CEAA5241233E2E2100551546 /* pause.png in Resources */ = {isa = PBXBuildFile; fileRef = CEAA523F233E2E2100551546 /* pause.png */; };
		CEAA5243233E38E000551546 /* Media.swift in Sources */ = {isa = PBXBuildFile; fileRef = CEAA5242233E38E000551546 /* Media.swift */; };
		CEAA5245233E4D3000551546 /* Number.swift in Sources */ = {isa = PBXBuildFile; fileRef = CEAA5244233E4D3000551546 /* Number.swift */; };
		CEAA5247233E5FC900551546 /* Subtitle.swift in Sources */ = {isa = PBXBuildFile; fileRef = CEAA5246233E5FC900551546 /* Subtitle.swift */; };
		CEAA5249233E625400551546 /* toyStory.srt in Resources */ = {isa = PBXBuildFile; fileRef = CEAA5248233E625400551546 /* toyStory.srt */; };
		CED52F5D233A1C3300B5E6D6 /* Navigation.swift in Sources */ = {isa = PBXBuildFile; fileRef = CED52F5C233A1C3300B5E6D6 /* Navigation.swift */; };
		CEDF5C002301C242007426D2 /* SwiftLocation.swift in Sources */ = {isa = PBXBuildFile; fileRef = CEDF5BFF2301C242007426D2 /* SwiftLocation.swift */; };
		CEDF5C082301D19D007426D2 /* Device.swift in Sources */ = {isa = PBXBuildFile; fileRef = CEDF5C072301D19D007426D2 /* Device.swift */; };
		CEDF5C0C2301D4F0007426D2 /* SwiftGif.swift in Sources */ = {isa = PBXBuildFile; fileRef = CEDF5C0B2301D4F0007426D2 /* SwiftGif.swift */; };
		CEE85BAE233F8A89007526E5 /* PdfReaderViewController.swift in Sources */ = {isa = PBXBuildFile; fileRef = CEE85BAD233F8A89007526E5 /* PdfReaderViewController.swift */; };
		CEFDBA88233D417A0077E480 /* AudioPlayerViewController.swift in Sources */ = {isa = PBXBuildFile; fileRef = CEFDBA87233D417A0077E480 /* AudioPlayerViewController.swift */; };
		CEFDBA8A233D42780077E480 /* Media.storyboard in Resources */ = {isa = PBXBuildFile; fileRef = CEFDBA89233D42780077E480 /* Media.storyboard */; };
/* End PBXBuildFile section */

/* Begin PBXFileReference section */
		1EBD14DC1D7DD13A87D28C84 /* Pods-Utilities-iOS.release.xcconfig */ = {isa = PBXFileReference; includeInIndex = 1; lastKnownFileType = text.xcconfig; name = "Pods-Utilities-iOS.release.xcconfig"; path = "Pods/Target Support Files/Pods-Utilities-iOS/Pods-Utilities-iOS.release.xcconfig"; sourceTree = "<group>"; };
		73865062C7987936BFB03C1D /* Pods_Utilities_iOS.framework */ = {isa = PBXFileReference; explicitFileType = wrapper.framework; includeInIndex = 0; path = Pods_Utilities_iOS.framework; sourceTree = BUILT_PRODUCTS_DIR; };
		9658D9A068CBE1411F4E33C9 /* Pods-Utilities-iOS.debug.xcconfig */ = {isa = PBXFileReference; includeInIndex = 1; lastKnownFileType = text.xcconfig; name = "Pods-Utilities-iOS.debug.xcconfig"; path = "Pods/Target Support Files/Pods-Utilities-iOS/Pods-Utilities-iOS.debug.xcconfig"; sourceTree = "<group>"; };
		CE01C98223019FD700C87440 /* Request.swift */ = {isa = PBXFileReference; lastKnownFileType = sourcecode.swift; path = Request.swift; sourceTree = "<group>"; };
		CE01C9862301A10A00C87440 /* General.swift */ = {isa = PBXFileReference; lastKnownFileType = sourcecode.swift; path = General.swift; sourceTree = "<group>"; };
		CE35BBF622FF07DA00DC1434 /* Utilities-iOS.app */ = {isa = PBXFileReference; explicitFileType = wrapper.application; includeInIndex = 0; path = "Utilities-iOS.app"; sourceTree = BUILT_PRODUCTS_DIR; };
		CE35BBF922FF07DA00DC1434 /* AppDelegate.swift */ = {isa = PBXFileReference; lastKnownFileType = sourcecode.swift; path = AppDelegate.swift; sourceTree = "<group>"; };
		CE35BBFB22FF07DA00DC1434 /* ViewController.swift */ = {isa = PBXFileReference; lastKnownFileType = sourcecode.swift; path = ViewController.swift; sourceTree = "<group>"; };
		CE35BBFE22FF07DA00DC1434 /* Base */ = {isa = PBXFileReference; lastKnownFileType = file.storyboard; name = Base; path = Base.lproj/Main.storyboard; sourceTree = "<group>"; };
		CE35BC0022FF07DC00DC1434 /* Assets.xcassets */ = {isa = PBXFileReference; lastKnownFileType = folder.assetcatalog; path = Assets.xcassets; sourceTree = "<group>"; };
		CE35BC0322FF07DC00DC1434 /* Base */ = {isa = PBXFileReference; lastKnownFileType = file.storyboard; name = Base; path = Base.lproj/LaunchScreen.storyboard; sourceTree = "<group>"; };
		CE35BC0522FF07DC00DC1434 /* Info.plist */ = {isa = PBXFileReference; lastKnownFileType = text.plist.xml; path = Info.plist; sourceTree = "<group>"; };
		CE35BC0D22FF08F400DC1434 /* String.swift */ = {isa = PBXFileReference; lastKnownFileType = sourcecode.swift; path = String.swift; sourceTree = "<group>"; };
		CE35BC1122FF14EA00DC1434 /* Array+Extensions.swift */ = {isa = PBXFileReference; fileEncoding = 4; lastKnownFileType = sourcecode.swift; path = "Array+Extensions.swift"; sourceTree = "<group>"; };
		CE35BC1222FF14EA00DC1434 /* UISegmentedControl+Extensions.swift */ = {isa = PBXFileReference; fileEncoding = 4; lastKnownFileType = sourcecode.swift; path = "UISegmentedControl+Extensions.swift"; sourceTree = "<group>"; };
		CE35BC1322FF14EA00DC1434 /* UIImageView+Extensions.swift */ = {isa = PBXFileReference; fileEncoding = 4; lastKnownFileType = sourcecode.swift; path = "UIImageView+Extensions.swift"; sourceTree = "<group>"; };
		CE35BC1422FF14EA00DC1434 /* UIViewController+Extensions.swift */ = {isa = PBXFileReference; fileEncoding = 4; lastKnownFileType = sourcecode.swift; path = "UIViewController+Extensions.swift"; sourceTree = "<group>"; };
		CE35BC1522FF14EA00DC1434 /* UIView+Extensions.swift */ = {isa = PBXFileReference; fileEncoding = 4; lastKnownFileType = sourcecode.swift; path = "UIView+Extensions.swift"; sourceTree = "<group>"; };
		CE35BC1622FF14EA00DC1434 /* Date+Extension.swift */ = {isa = PBXFileReference; fileEncoding = 4; lastKnownFileType = sourcecode.swift; path = "Date+Extension.swift"; sourceTree = "<group>"; };
		CE35BC1722FF14EA00DC1434 /* String+Extensions.swift */ = {isa = PBXFileReference; fileEncoding = 4; lastKnownFileType = sourcecode.swift; path = "String+Extensions.swift"; sourceTree = "<group>"; };
		CE35BC1822FF14EA00DC1434 /* UITextView+Extensions.swift */ = {isa = PBXFileReference; fileEncoding = 4; lastKnownFileType = sourcecode.swift; path = "UITextView+Extensions.swift"; sourceTree = "<group>"; };
		CE35BC1922FF14EA00DC1434 /* UIColor+Extensions.swift */ = {isa = PBXFileReference; fileEncoding = 4; lastKnownFileType = sourcecode.swift; path = "UIColor+Extensions.swift"; sourceTree = "<group>"; };
		CE35BC1A22FF14EA00DC1434 /* UIImage+Extensions.swift */ = {isa = PBXFileReference; fileEncoding = 4; lastKnownFileType = sourcecode.swift; path = "UIImage+Extensions.swift"; sourceTree = "<group>"; };
		CE35BC1B22FF14EA00DC1434 /* UISearchBar+Extensions.swift */ = {isa = PBXFileReference; fileEncoding = 4; lastKnownFileType = sourcecode.swift; path = "UISearchBar+Extensions.swift"; sourceTree = "<group>"; };
		CE35BC1C22FF14EA00DC1434 /* UIApplication+Extensions.swift */ = {isa = PBXFileReference; fileEncoding = 4; lastKnownFileType = sourcecode.swift; path = "UIApplication+Extensions.swift"; sourceTree = "<group>"; };
		CE35BC1D22FF14EA00DC1434 /* UIAlertController+Extensions.swift */ = {isa = PBXFileReference; fileEncoding = 4; lastKnownFileType = sourcecode.swift; path = "UIAlertController+Extensions.swift"; sourceTree = "<group>"; };
		CE35BC1E22FF14EA00DC1434 /* Optional+Extensions.swift */ = {isa = PBXFileReference; fileEncoding = 4; lastKnownFileType = sourcecode.swift; path = "Optional+Extensions.swift"; sourceTree = "<group>"; };
		CE35BC1F22FF14EA00DC1434 /* Common+Extensions.swift */ = {isa = PBXFileReference; fileEncoding = 4; lastKnownFileType = sourcecode.swift; path = "Common+Extensions.swift"; sourceTree = "<group>"; };
		CE35BC2022FF14EA00DC1434 /* Locale+Extensions.swift */ = {isa = PBXFileReference; fileEncoding = 4; lastKnownFileType = sourcecode.swift; path = "Locale+Extensions.swift"; sourceTree = "<group>"; };
		CE35BC2122FF14EA00DC1434 /* UITextField+Extensions.swift */ = {isa = PBXFileReference; fileEncoding = 4; lastKnownFileType = sourcecode.swift; path = "UITextField+Extensions.swift"; sourceTree = "<group>"; };
		CE35BC2422FF14EA00DC1434 /* AttributedTextBlock.swift */ = {isa = PBXFileReference; fileEncoding = 4; lastKnownFileType = sourcecode.swift; path = AttributedTextBlock.swift; sourceTree = "<group>"; };
		CE35BC2522FF14EA00DC1434 /* TextViewController.swift */ = {isa = PBXFileReference; fileEncoding = 4; lastKnownFileType = sourcecode.swift; path = TextViewController.swift; sourceTree = "<group>"; };
		CE35BC2822FF14EA00DC1434 /* Countries.bundle */ = {isa = PBXFileReference; lastKnownFileType = "wrapper.plug-in"; path = Countries.bundle; sourceTree = "<group>"; };
		CE35BC2A22FF14EA00DC1434 /* LocaleStore.swift */ = {isa = PBXFileReference; fileEncoding = 4; lastKnownFileType = sourcecode.swift; path = LocaleStore.swift; sourceTree = "<group>"; };
		CE35BC2C22FF14EA00DC1434 /* LocaleInfo.swift */ = {isa = PBXFileReference; fileEncoding = 4; lastKnownFileType = sourcecode.swift; path = LocaleInfo.swift; sourceTree = "<group>"; };
		CE35BC2D22FF14EA00DC1434 /* LocalePickerViewController.swift */ = {isa = PBXFileReference; fileEncoding = 4; lastKnownFileType = sourcecode.swift; path = LocalePickerViewController.swift; sourceTree = "<group>"; };
		CE35BC2F22FF14EA00DC1434 /* PhoneCodeCell.swift */ = {isa = PBXFileReference; fileEncoding = 4; lastKnownFileType = sourcecode.swift; path = PhoneCodeCell.swift; sourceTree = "<group>"; };
		CE35BC3022FF14EA00DC1434 /* CurrencyCell.swift */ = {isa = PBXFileReference; fileEncoding = 4; lastKnownFileType = sourcecode.swift; path = CurrencyCell.swift; sourceTree = "<group>"; };
		CE35BC3122FF14EA00DC1434 /* CountryCell.swift */ = {isa = PBXFileReference; fileEncoding = 4; lastKnownFileType = sourcecode.swift; path = CountryCell.swift; sourceTree = "<group>"; };
		CE35BC3322FF14EA00DC1434 /* TwoTextFieldsViewController.swift */ = {isa = PBXFileReference; fileEncoding = 4; lastKnownFileType = sourcecode.swift; path = TwoTextFieldsViewController.swift; sourceTree = "<group>"; };
		CE35BC3422FF14EA00DC1434 /* OneTextFieldViewController.swift */ = {isa = PBXFileReference; fileEncoding = 4; lastKnownFileType = sourcecode.swift; path = OneTextFieldViewController.swift; sourceTree = "<group>"; };
		CE35BC3722FF14EA00DC1434 /* Assets.swift */ = {isa = PBXFileReference; fileEncoding = 4; lastKnownFileType = sourcecode.swift; path = Assets.swift; sourceTree = "<group>"; };
		CE35BC3822FF14EA00DC1434 /* PhotoLibraryPickerViewController.swift */ = {isa = PBXFileReference; fileEncoding = 4; lastKnownFileType = sourcecode.swift; path = PhotoLibraryPickerViewController.swift; sourceTree = "<group>"; };
		CE35BC3A22FF14EA00DC1434 /* LocationSearchResultsViewController.swift */ = {isa = PBXFileReference; fileEncoding = 4; lastKnownFileType = sourcecode.swift; path = LocationSearchResultsViewController.swift; sourceTree = "<group>"; };
		CE35BC3B22FF14EA00DC1434 /* LocationPickerViewController.swift */ = {isa = PBXFileReference; fileEncoding = 4; lastKnownFileType = sourcecode.swift; path = LocationPickerViewController.swift; sourceTree = "<group>"; };
		CE35BC3D22FF14EA00DC1434 /* SearchHistoryManager.swift */ = {isa = PBXFileReference; fileEncoding = 4; lastKnownFileType = sourcecode.swift; path = SearchHistoryManager.swift; sourceTree = "<group>"; };
		CE35BC3F22FF14EA00DC1434 /* Location.swift */ = {isa = PBXFileReference; fileEncoding = 4; lastKnownFileType = sourcecode.swift; path = Location.swift; sourceTree = "<group>"; };
		CE35BC4022FF14EA00DC1434 /* Address.swift */ = {isa = PBXFileReference; fileEncoding = 4; lastKnownFileType = sourcecode.swift; path = Address.swift; sourceTree = "<group>"; };
		CE35BC4222FF14EA00DC1434 /* PickerViewViewController.swift */ = {isa = PBXFileReference; fileEncoding = 4; lastKnownFileType = sourcecode.swift; path = PickerViewViewController.swift; sourceTree = "<group>"; };
		CE35BC4422FF14EA00DC1434 /* ContactsPickerViewController.swift */ = {isa = PBXFileReference; fileEncoding = 4; lastKnownFileType = sourcecode.swift; path = ContactsPickerViewController.swift; sourceTree = "<group>"; };
		CE35BC4622FF14EA00DC1434 /* Contacts.swift */ = {isa = PBXFileReference; fileEncoding = 4; lastKnownFileType = sourcecode.swift; path = Contacts.swift; sourceTree = "<group>"; };
		CE35BC4822FF14EA00DC1434 /* Contact.swift */ = {isa = PBXFileReference; fileEncoding = 4; lastKnownFileType = sourcecode.swift; path = Contact.swift; sourceTree = "<group>"; };
		CE35BC4A22FF14EA00DC1434 /* ContactCell.swift */ = {isa = PBXFileReference; fileEncoding = 4; lastKnownFileType = sourcecode.swift; path = ContactCell.swift; sourceTree = "<group>"; };
		CE35BC4C22FF14EA00DC1434 /* ColorPickerViewController.swift */ = {isa = PBXFileReference; fileEncoding = 4; lastKnownFileType = sourcecode.swift; path = ColorPickerViewController.swift; sourceTree = "<group>"; };
		CE35BC4E22FF14EA00DC1434 /* DatePickerViewController.swift */ = {isa = PBXFileReference; fileEncoding = 4; lastKnownFileType = sourcecode.swift; path = DatePickerViewController.swift; sourceTree = "<group>"; };
		CE35BC5022FF14EA00DC1434 /* ImagePickerViewController.swift */ = {isa = PBXFileReference; fileEncoding = 4; lastKnownFileType = sourcecode.swift; path = ImagePickerViewController.swift; sourceTree = "<group>"; };
		CE35BC5222FF14EA00DC1434 /* ItemWithImage.swift */ = {isa = PBXFileReference; fileEncoding = 4; lastKnownFileType = sourcecode.swift; path = ItemWithImage.swift; sourceTree = "<group>"; };
		CE35BC5522FF14EA00DC1434 /* PhotoLayout.swift */ = {isa = PBXFileReference; fileEncoding = 4; lastKnownFileType = sourcecode.swift; path = PhotoLayout.swift; sourceTree = "<group>"; };
		CE35BC5622FF14EA00DC1434 /* TelegramPickerViewController.swift */ = {isa = PBXFileReference; fileEncoding = 4; lastKnownFileType = sourcecode.swift; path = TelegramPickerViewController.swift; sourceTree = "<group>"; };
		CE35BC5822FF14EA00DC1434 /* ItemWithPhoto.swift */ = {isa = PBXFileReference; fileEncoding = 4; lastKnownFileType = sourcecode.swift; path = ItemWithPhoto.swift; sourceTree = "<group>"; };
		CE35BC5922FF14EA00DC1434 /* LikeButtonCell.swift */ = {isa = PBXFileReference; fileEncoding = 4; lastKnownFileType = sourcecode.swift; path = LikeButtonCell.swift; sourceTree = "<group>"; };
		CE35BC5B22FF14EA00DC1434 /* Label.swift */ = {isa = PBXFileReference; fileEncoding = 4; lastKnownFileType = sourcecode.swift; path = Label.swift; sourceTree = "<group>"; };
		CE35BC5C22FF14EA00DC1434 /* SegmentedControl.swift */ = {isa = PBXFileReference; fileEncoding = 4; lastKnownFileType = sourcecode.swift; path = SegmentedControl.swift; sourceTree = "<group>"; };
		CE35BC5D22FF14EA00DC1434 /* GradientSlider.swift */ = {isa = PBXFileReference; fileEncoding = 4; lastKnownFileType = sourcecode.swift; path = GradientSlider.swift; sourceTree = "<group>"; };
		CE35BC5E22FF14EA00DC1434 /* TextField.swift */ = {isa = PBXFileReference; fileEncoding = 4; lastKnownFileType = sourcecode.swift; path = TextField.swift; sourceTree = "<group>"; };
		CE35BC5F22FF14EA00DC1434 /* Button.swift */ = {isa = PBXFileReference; fileEncoding = 4; lastKnownFileType = sourcecode.swift; path = Button.swift; sourceTree = "<group>"; };
		CE35BC9522FF1E5B00DC1434 /* Alert.swift */ = {isa = PBXFileReference; lastKnownFileType = sourcecode.swift; path = Alert.swift; sourceTree = "<group>"; };
		CE5226FB22FF372D007F5A9D /* Image.swift */ = {isa = PBXFileReference; lastKnownFileType = sourcecode.swift; path = Image.swift; sourceTree = "<group>"; };
		CE62AF37233E82C000F71489 /* AVKitViewController.swift */ = {isa = PBXFileReference; lastKnownFileType = sourcecode.swift; path = AVKitViewController.swift; sourceTree = "<group>"; };
		CE650636233E01E800D843C5 /* VideoPlayerViewController.swift */ = {isa = PBXFileReference; lastKnownFileType = sourcecode.swift; path = VideoPlayerViewController.swift; sourceTree = "<group>"; };
		CEAA523E233E2E2000551546 /* play.png */ = {isa = PBXFileReference; lastKnownFileType = image.png; path = play.png; sourceTree = "<group>"; };
		CEAA523F233E2E2100551546 /* pause.png */ = {isa = PBXFileReference; lastKnownFileType = image.png; path = pause.png; sourceTree = "<group>"; };
		CEAA5242233E38E000551546 /* Media.swift */ = {isa = PBXFileReference; lastKnownFileType = sourcecode.swift; path = Media.swift; sourceTree = "<group>"; };
		CEAA5244233E4D3000551546 /* Number.swift */ = {isa = PBXFileReference; lastKnownFileType = sourcecode.swift; path = Number.swift; sourceTree = "<group>"; };
		CEAA5246233E5FC900551546 /* Subtitle.swift */ = {isa = PBXFileReference; lastKnownFileType = sourcecode.swift; path = Subtitle.swift; sourceTree = "<group>"; };
		CEAA5248233E625400551546 /* toyStory.srt */ = {isa = PBXFileReference; fileEncoding = 4; lastKnownFileType = text; path = toyStory.srt; sourceTree = "<group>"; };
		CED52F5C233A1C3300B5E6D6 /* Navigation.swift */ = {isa = PBXFileReference; lastKnownFileType = sourcecode.swift; path = Navigation.swift; sourceTree = "<group>"; };
		CEDF5BFF2301C242007426D2 /* SwiftLocation.swift */ = {isa = PBXFileReference; lastKnownFileType = sourcecode.swift; path = SwiftLocation.swift; sourceTree = "<group>"; };
		CEDF5C072301D19D007426D2 /* Device.swift */ = {isa = PBXFileReference; lastKnownFileType = sourcecode.swift; path = Device.swift; sourceTree = "<group>"; };
		CEDF5C0B2301D4F0007426D2 /* SwiftGif.swift */ = {isa = PBXFileReference; lastKnownFileType = sourcecode.swift; path = SwiftGif.swift; sourceTree = "<group>"; };
		CEE85BAD233F8A89007526E5 /* PdfReaderViewController.swift */ = {isa = PBXFileReference; lastKnownFileType = sourcecode.swift; path = PdfReaderViewController.swift; sourceTree = "<group>"; };
		CEFDBA87233D417A0077E480 /* AudioPlayerViewController.swift */ = {isa = PBXFileReference; lastKnownFileType = sourcecode.swift; path = AudioPlayerViewController.swift; sourceTree = "<group>"; };
		CEFDBA89233D42780077E480 /* Media.storyboard */ = {isa = PBXFileReference; lastKnownFileType = file.storyboard; path = Media.storyboard; sourceTree = "<group>"; };
/* End PBXFileReference section */

/* Begin PBXFrameworksBuildPhase section */
		CE35BBF322FF07DA00DC1434 /* Frameworks */ = {
			isa = PBXFrameworksBuildPhase;
			buildActionMask = 2147483647;
			files = (
				3631E0D6DDBC26D7F523F74B /* Pods_Utilities_iOS.framework in Frameworks */,
			);
			runOnlyForDeploymentPostprocessing = 0;
		};
/* End PBXFrameworksBuildPhase section */

/* Begin PBXGroup section */
		2DDFB889B6F66557860FF5F8 /* Frameworks */ = {
			isa = PBXGroup;
			children = (
				73865062C7987936BFB03C1D /* Pods_Utilities_iOS.framework */,
			);
			name = Frameworks;
			sourceTree = "<group>";
		};
		C62F22290B1251F2AB42DBF5 /* Pods */ = {
			isa = PBXGroup;
			children = (
				9658D9A068CBE1411F4E33C9 /* Pods-Utilities-iOS.debug.xcconfig */,
				1EBD14DC1D7DD13A87D28C84 /* Pods-Utilities-iOS.release.xcconfig */,
			);
			name = Pods;
			sourceTree = "<group>";
		};
		CE01C9842301A0E600C87440 /* Extentions */ = {
			isa = PBXGroup;
			children = (
				CE35BC0D22FF08F400DC1434 /* String.swift */,
				CE5226FB22FF372D007F5A9D /* Image.swift */,
				CED52F5C233A1C3300B5E6D6 /* Navigation.swift */,
				CEAA5242233E38E000551546 /* Media.swift */,
				CEAA5244233E4D3000551546 /* Number.swift */,
			);
			path = Extentions;
			sourceTree = "<group>";
		};
		CE01C9852301A0F600C87440 /* Utils */ = {
			isa = PBXGroup;
			children = (
				CE01C9862301A10A00C87440 /* General.swift */,
				CEDF5C072301D19D007426D2 /* Device.swift */,
				CEDF5C0B2301D4F0007426D2 /* SwiftGif.swift */,
			);
			path = Utils;
			sourceTree = "<group>";
		};
		CE35BBED22FF07DA00DC1434 = {
			isa = PBXGroup;
			children = (
				CE35BBF822FF07DA00DC1434 /* Utilities-iOS */,
				CE35BBF722FF07DA00DC1434 /* Products */,
				C62F22290B1251F2AB42DBF5 /* Pods */,
				2DDFB889B6F66557860FF5F8 /* Frameworks */,
			);
			sourceTree = "<group>";
		};
		CE35BBF722FF07DA00DC1434 /* Products */ = {
			isa = PBXGroup;
			children = (
				CE35BBF622FF07DA00DC1434 /* Utilities-iOS.app */,
			);
			name = Products;
			sourceTree = "<group>";
		};
		CE35BBF822FF07DA00DC1434 /* Utilities-iOS */ = {
			isa = PBXGroup;
			children = (
				CEAA523C233E2E0A00551546 /* src */,
				CE35BC0C22FF08DD00DC1434 /* StandardLibrary */,
				CE35BC0B22FF08CE00DC1434 /* 3rdPartyLibrary */,
				CE35BBF922FF07DA00DC1434 /* AppDelegate.swift */,
				CE35BBFB22FF07DA00DC1434 /* ViewController.swift */,
				CE35BBFD22FF07DA00DC1434 /* Main.storyboard */,
				CE35BC0022FF07DC00DC1434 /* Assets.xcassets */,
				CE35BC0222FF07DC00DC1434 /* LaunchScreen.storyboard */,
				CE35BC0522FF07DC00DC1434 /* Info.plist */,
			);
			path = "Utilities-iOS";
			sourceTree = "<group>";
		};
		CE35BC0B22FF08CE00DC1434 /* 3rdPartyLibrary */ = {
			isa = PBXGroup;
			children = (
				CEDF5BFF2301C242007426D2 /* SwiftLocation.swift */,
				CE01C98223019FD700C87440 /* Request.swift */,
			);
			path = 3rdPartyLibrary;
			sourceTree = "<group>";
		};
		CE35BC0C22FF08DD00DC1434 /* StandardLibrary */ = {
			isa = PBXGroup;
			children = (
				CEE85BAC233F7FCF007526E5 /* Media */,
				CE01C9852301A0F600C87440 /* Utils */,
				CE01C9842301A0E600C87440 /* Extentions */,
				CE35BC0F22FF14EA00DC1434 /* alertsAndPickers */,
			);
			path = StandardLibrary;
			sourceTree = "<group>";
		};
		CE35BC0F22FF14EA00DC1434 /* alertsAndPickers */ = {
			isa = PBXGroup;
			children = (
				CE35BC9522FF1E5B00DC1434 /* Alert.swift */,
				CE35BC1022FF14EA00DC1434 /* Extensions */,
				CE35BC2222FF14EA00DC1434 /* Viewers */,
				CE35BC2622FF14EA00DC1434 /* Pickers */,
				CE35BC5A22FF14EA00DC1434 /* Views */,
			);
			path = alertsAndPickers;
			sourceTree = "<group>";
		};
		CE35BC1022FF14EA00DC1434 /* Extensions */ = {
			isa = PBXGroup;
			children = (
				CE35BC1122FF14EA00DC1434 /* Array+Extensions.swift */,
				CE35BC1222FF14EA00DC1434 /* UISegmentedControl+Extensions.swift */,
				CE35BC1322FF14EA00DC1434 /* UIImageView+Extensions.swift */,
				CE35BC1422FF14EA00DC1434 /* UIViewController+Extensions.swift */,
				CE35BC1522FF14EA00DC1434 /* UIView+Extensions.swift */,
				CE35BC1622FF14EA00DC1434 /* Date+Extension.swift */,
				CE35BC1722FF14EA00DC1434 /* String+Extensions.swift */,
				CE35BC1822FF14EA00DC1434 /* UITextView+Extensions.swift */,
				CE35BC1922FF14EA00DC1434 /* UIColor+Extensions.swift */,
				CE35BC1A22FF14EA00DC1434 /* UIImage+Extensions.swift */,
				CE35BC1B22FF14EA00DC1434 /* UISearchBar+Extensions.swift */,
				CE35BC1C22FF14EA00DC1434 /* UIApplication+Extensions.swift */,
				CE35BC1D22FF14EA00DC1434 /* UIAlertController+Extensions.swift */,
				CE35BC1E22FF14EA00DC1434 /* Optional+Extensions.swift */,
				CE35BC1F22FF14EA00DC1434 /* Common+Extensions.swift */,
				CE35BC2022FF14EA00DC1434 /* Locale+Extensions.swift */,
				CE35BC2122FF14EA00DC1434 /* UITextField+Extensions.swift */,
			);
			path = Extensions;
			sourceTree = "<group>";
		};
		CE35BC2222FF14EA00DC1434 /* Viewers */ = {
			isa = PBXGroup;
			children = (
				CE35BC2322FF14EA00DC1434 /* Models */,
				CE35BC2522FF14EA00DC1434 /* TextViewController.swift */,
			);
			path = Viewers;
			sourceTree = "<group>";
		};
		CE35BC2322FF14EA00DC1434 /* Models */ = {
			isa = PBXGroup;
			children = (
				CE35BC2422FF14EA00DC1434 /* AttributedTextBlock.swift */,
			);
			path = Models;
			sourceTree = "<group>";
		};
		CE35BC2622FF14EA00DC1434 /* Pickers */ = {
			isa = PBXGroup;
			children = (
				CE35BC2722FF14EA00DC1434 /* Locale */,
				CE35BC3222FF14EA00DC1434 /* TextFields */,
				CE35BC3522FF14EA00DC1434 /* PhotoLibrary */,
				CE35BC3922FF14EA00DC1434 /* Location */,
				CE35BC4122FF14EA00DC1434 /* PickerView */,
				CE35BC4322FF14EA00DC1434 /* Contacts */,
				CE35BC4B22FF14EA00DC1434 /* Color */,
				CE35BC4D22FF14EA00DC1434 /* Date */,
				CE35BC4F22FF14EA00DC1434 /* Image */,
				CE35BC5322FF14EA00DC1434 /* Telegram */,
			);
			path = Pickers;
			sourceTree = "<group>";
		};
		CE35BC2722FF14EA00DC1434 /* Locale */ = {
			isa = PBXGroup;
			children = (
				CE35BC2822FF14EA00DC1434 /* Countries.bundle */,
				CE35BC2922FF14EA00DC1434 /* Managers */,
				CE35BC2B22FF14EA00DC1434 /* Models */,
				CE35BC2D22FF14EA00DC1434 /* LocalePickerViewController.swift */,
				CE35BC2E22FF14EA00DC1434 /* Views */,
			);
			path = Locale;
			sourceTree = "<group>";
		};
		CE35BC2922FF14EA00DC1434 /* Managers */ = {
			isa = PBXGroup;
			children = (
				CE35BC2A22FF14EA00DC1434 /* LocaleStore.swift */,
			);
			path = Managers;
			sourceTree = "<group>";
		};
		CE35BC2B22FF14EA00DC1434 /* Models */ = {
			isa = PBXGroup;
			children = (
				CE35BC2C22FF14EA00DC1434 /* LocaleInfo.swift */,
			);
			path = Models;
			sourceTree = "<group>";
		};
		CE35BC2E22FF14EA00DC1434 /* Views */ = {
			isa = PBXGroup;
			children = (
				CE35BC2F22FF14EA00DC1434 /* PhoneCodeCell.swift */,
				CE35BC3022FF14EA00DC1434 /* CurrencyCell.swift */,
				CE35BC3122FF14EA00DC1434 /* CountryCell.swift */,
			);
			path = Views;
			sourceTree = "<group>";
		};
		CE35BC3222FF14EA00DC1434 /* TextFields */ = {
			isa = PBXGroup;
			children = (
				CE35BC3322FF14EA00DC1434 /* TwoTextFieldsViewController.swift */,
				CE35BC3422FF14EA00DC1434 /* OneTextFieldViewController.swift */,
			);
			path = TextFields;
			sourceTree = "<group>";
		};
		CE35BC3522FF14EA00DC1434 /* PhotoLibrary */ = {
			isa = PBXGroup;
			children = (
				CE35BC3622FF14EA00DC1434 /* Managers */,
				CE35BC3822FF14EA00DC1434 /* PhotoLibraryPickerViewController.swift */,
			);
			path = PhotoLibrary;
			sourceTree = "<group>";
		};
		CE35BC3622FF14EA00DC1434 /* Managers */ = {
			isa = PBXGroup;
			children = (
				CE35BC3722FF14EA00DC1434 /* Assets.swift */,
			);
			path = Managers;
			sourceTree = "<group>";
		};
		CE35BC3922FF14EA00DC1434 /* Location */ = {
			isa = PBXGroup;
			children = (
				CE35BC3A22FF14EA00DC1434 /* LocationSearchResultsViewController.swift */,
				CE35BC3B22FF14EA00DC1434 /* LocationPickerViewController.swift */,
				CE35BC3C22FF14EA00DC1434 /* Managers */,
				CE35BC3E22FF14EA00DC1434 /* Models */,
			);
			path = Location;
			sourceTree = "<group>";
		};
		CE35BC3C22FF14EA00DC1434 /* Managers */ = {
			isa = PBXGroup;
			children = (
				CE35BC3D22FF14EA00DC1434 /* SearchHistoryManager.swift */,
			);
			path = Managers;
			sourceTree = "<group>";
		};
		CE35BC3E22FF14EA00DC1434 /* Models */ = {
			isa = PBXGroup;
			children = (
				CE35BC3F22FF14EA00DC1434 /* Location.swift */,
				CE35BC4022FF14EA00DC1434 /* Address.swift */,
			);
			path = Models;
			sourceTree = "<group>";
		};
		CE35BC4122FF14EA00DC1434 /* PickerView */ = {
			isa = PBXGroup;
			children = (
				CE35BC4222FF14EA00DC1434 /* PickerViewViewController.swift */,
			);
			path = PickerView;
			sourceTree = "<group>";
		};
		CE35BC4322FF14EA00DC1434 /* Contacts */ = {
			isa = PBXGroup;
			children = (
				CE35BC4422FF14EA00DC1434 /* ContactsPickerViewController.swift */,
				CE35BC4522FF14EA00DC1434 /* Managers */,
				CE35BC4722FF14EA00DC1434 /* Models */,
				CE35BC4922FF14EA00DC1434 /* Views */,
			);
			path = Contacts;
			sourceTree = "<group>";
		};
		CE35BC4522FF14EA00DC1434 /* Managers */ = {
			isa = PBXGroup;
			children = (
				CE35BC4622FF14EA00DC1434 /* Contacts.swift */,
			);
			path = Managers;
			sourceTree = "<group>";
		};
		CE35BC4722FF14EA00DC1434 /* Models */ = {
			isa = PBXGroup;
			children = (
				CE35BC4822FF14EA00DC1434 /* Contact.swift */,
			);
			path = Models;
			sourceTree = "<group>";
		};
		CE35BC4922FF14EA00DC1434 /* Views */ = {
			isa = PBXGroup;
			children = (
				CE35BC4A22FF14EA00DC1434 /* ContactCell.swift */,
			);
			path = Views;
			sourceTree = "<group>";
		};
		CE35BC4B22FF14EA00DC1434 /* Color */ = {
			isa = PBXGroup;
			children = (
				CE35BC4C22FF14EA00DC1434 /* ColorPickerViewController.swift */,
			);
			path = Color;
			sourceTree = "<group>";
		};
		CE35BC4D22FF14EA00DC1434 /* Date */ = {
			isa = PBXGroup;
			children = (
				CE35BC4E22FF14EA00DC1434 /* DatePickerViewController.swift */,
			);
			path = Date;
			sourceTree = "<group>";
		};
		CE35BC4F22FF14EA00DC1434 /* Image */ = {
			isa = PBXGroup;
			children = (
				CE35BC5022FF14EA00DC1434 /* ImagePickerViewController.swift */,
				CE35BC5122FF14EA00DC1434 /* Views */,
			);
			path = Image;
			sourceTree = "<group>";
		};
		CE35BC5122FF14EA00DC1434 /* Views */ = {
			isa = PBXGroup;
			children = (
				CE35BC5222FF14EA00DC1434 /* ItemWithImage.swift */,
			);
			path = Views;
			sourceTree = "<group>";
		};
		CE35BC5322FF14EA00DC1434 /* Telegram */ = {
			isa = PBXGroup;
			children = (
				CE35BC5422FF14EA00DC1434 /* Layouts */,
				CE35BC5622FF14EA00DC1434 /* TelegramPickerViewController.swift */,
				CE35BC5722FF14EA00DC1434 /* Views */,
			);
			path = Telegram;
			sourceTree = "<group>";
		};
		CE35BC5422FF14EA00DC1434 /* Layouts */ = {
			isa = PBXGroup;
			children = (
				CE35BC5522FF14EA00DC1434 /* PhotoLayout.swift */,
			);
			path = Layouts;
			sourceTree = "<group>";
		};
		CE35BC5722FF14EA00DC1434 /* Views */ = {
			isa = PBXGroup;
			children = (
				CE35BC5822FF14EA00DC1434 /* ItemWithPhoto.swift */,
				CE35BC5922FF14EA00DC1434 /* LikeButtonCell.swift */,
			);
			path = Views;
			sourceTree = "<group>";
		};
		CE35BC5A22FF14EA00DC1434 /* Views */ = {
			isa = PBXGroup;
			children = (
				CE35BC5B22FF14EA00DC1434 /* Label.swift */,
				CE35BC5C22FF14EA00DC1434 /* SegmentedControl.swift */,
				CE35BC5D22FF14EA00DC1434 /* GradientSlider.swift */,
				CE35BC5E22FF14EA00DC1434 /* TextField.swift */,
				CE35BC5F22FF14EA00DC1434 /* Button.swift */,
			);
			path = Views;
			sourceTree = "<group>";
		};
		CEAA523C233E2E0A00551546 /* src */ = {
			isa = PBXGroup;
			children = (
				CEAA5248233E625400551546 /* toyStory.srt */,
				CEAA523D233E2E1400551546 /* images */,
			);
			path = src;
			sourceTree = "<group>";
		};
		CEAA523D233E2E1400551546 /* images */ = {
			isa = PBXGroup;
			children = (
				CEAA523F233E2E2100551546 /* pause.png */,
				CEAA523E233E2E2000551546 /* play.png */,
			);
			path = images;
			sourceTree = "<group>";
		};
		CEE85BAC233F7FCF007526E5 /* Media */ = {
			isa = PBXGroup;
			children = (
				CEFDBA87233D417A0077E480 /* AudioPlayerViewController.swift */,
				CEFDBA89233D42780077E480 /* Media.storyboard */,
				CE650636233E01E800D843C5 /* VideoPlayerViewController.swift */,
				CEAA5246233E5FC900551546 /* Subtitle.swift */,
				CE62AF37233E82C000F71489 /* AVKitViewController.swift */,
				CEE85BAD233F8A89007526E5 /* PdfReaderViewController.swift */,
			);
			path = Media;
			sourceTree = "<group>";
		};
/* End PBXGroup section */

/* Begin PBXNativeTarget section */
		CE35BBF522FF07DA00DC1434 /* Utilities-iOS */ = {
			isa = PBXNativeTarget;
			buildConfigurationList = CE35BC0822FF07DC00DC1434 /* Build configuration list for PBXNativeTarget "Utilities-iOS" */;
			buildPhases = (
				3547DC23165647368CE88CFD /* [CP] Check Pods Manifest.lock */,
				CE35BBF222FF07DA00DC1434 /* Sources */,
				CE35BBF322FF07DA00DC1434 /* Frameworks */,
				CE35BBF422FF07DA00DC1434 /* Resources */,
				9565BFE27D83F221C452E677 /* [CP] Embed Pods Frameworks */,
			);
			buildRules = (
			);
			dependencies = (
			);
			name = "Utilities-iOS";
			productName = "Utilities-iOS";
			productReference = CE35BBF622FF07DA00DC1434 /* Utilities-iOS.app */;
			productType = "com.apple.product-type.application";
		};
/* End PBXNativeTarget section */

/* Begin PBXProject section */
		CE35BBEE22FF07DA00DC1434 /* Project object */ = {
			isa = PBXProject;
			attributes = {
				LastSwiftUpdateCheck = 1020;
				LastUpgradeCheck = 1020;
				ORGANIZATIONNAME = SinaMN75;
				TargetAttributes = {
					CE35BBF522FF07DA00DC1434 = {
						CreatedOnToolsVersion = 10.2.1;
					};
				};
			};
			buildConfigurationList = CE35BBF122FF07DA00DC1434 /* Build configuration list for PBXProject "Utilities-iOS" */;
			compatibilityVersion = "Xcode 9.3";
			developmentRegion = en;
			hasScannedForEncodings = 0;
			knownRegions = (
				en,
				Base,
			);
			mainGroup = CE35BBED22FF07DA00DC1434;
			productRefGroup = CE35BBF722FF07DA00DC1434 /* Products */;
			projectDirPath = "";
			projectRoot = "";
			targets = (
				CE35BBF522FF07DA00DC1434 /* Utilities-iOS */,
			);
		};
/* End PBXProject section */

/* Begin PBXResourcesBuildPhase section */
		CE35BBF422FF07DA00DC1434 /* Resources */ = {
			isa = PBXResourcesBuildPhase;
			buildActionMask = 2147483647;
			files = (
				CEAA5249233E625400551546 /* toyStory.srt in Resources */,
				CEFDBA8A233D42780077E480 /* Media.storyboard in Resources */,
				CE35BC7322FF14EB00DC1434 /* Countries.bundle in Resources */,
				CE35BC0422FF07DC00DC1434 /* LaunchScreen.storyboard in Resources */,
				CEAA5241233E2E2100551546 /* pause.png in Resources */,
				CE35BC0122FF07DC00DC1434 /* Assets.xcassets in Resources */,
				CE35BBFF22FF07DA00DC1434 /* Main.storyboard in Resources */,
				CEAA5240233E2E2100551546 /* play.png in Resources */,
			);
			runOnlyForDeploymentPostprocessing = 0;
		};
/* End PBXResourcesBuildPhase section */

/* Begin PBXShellScriptBuildPhase section */
		3547DC23165647368CE88CFD /* [CP] Check Pods Manifest.lock */ = {
			isa = PBXShellScriptBuildPhase;
			buildActionMask = 2147483647;
			files = (
			);
			inputPaths = (
				"${PODS_PODFILE_DIR_PATH}/Podfile.lock",
				"${PODS_ROOT}/Manifest.lock",
			);
			name = "[CP] Check Pods Manifest.lock";
			outputPaths = (
				"$(DERIVED_FILE_DIR)/Pods-Utilities-iOS-checkManifestLockResult.txt",
			);
			runOnlyForDeploymentPostprocessing = 0;
			shellPath = /bin/sh;
			shellScript = "diff \"${PODS_PODFILE_DIR_PATH}/Podfile.lock\" \"${PODS_ROOT}/Manifest.lock\" > /dev/null\nif [ $? != 0 ] ; then\n    # print error to STDERR\n    echo \"error: The sandbox is not in sync with the Podfile.lock. Run 'pod install' or update your CocoaPods installation.\" >&2\n    exit 1\nfi\n# This output is used by Xcode 'outputs' to avoid re-running this script phase.\necho \"SUCCESS\" > \"${SCRIPT_OUTPUT_FILE_0}\"\n";
			showEnvVarsInLog = 0;
		};
		9565BFE27D83F221C452E677 /* [CP] Embed Pods Frameworks */ = {
			isa = PBXShellScriptBuildPhase;
			buildActionMask = 2147483647;
			files = (
			);
			inputPaths = (
				"${SRCROOT}/Pods/Target Support Files/Pods-Utilities-iOS/Pods-Utilities-iOS-frameworks.sh",
				"${BUILT_PRODUCTS_DIR}/Alamofire/Alamofire.framework",
				"${BUILT_PRODUCTS_DIR}/SwiftLocation/SwiftLocation.framework",
			);
			name = "[CP] Embed Pods Frameworks";
			outputPaths = (
				"${TARGET_BUILD_DIR}/${FRAMEWORKS_FOLDER_PATH}/Alamofire.framework",
				"${TARGET_BUILD_DIR}/${FRAMEWORKS_FOLDER_PATH}/SwiftLocation.framework",
			);
			runOnlyForDeploymentPostprocessing = 0;
			shellPath = /bin/sh;
			shellScript = "\"${SRCROOT}/Pods/Target Support Files/Pods-Utilities-iOS/Pods-Utilities-iOS-frameworks.sh\"\n";
			showEnvVarsInLog = 0;
		};
/* End PBXShellScriptBuildPhase section */

/* Begin PBXSourcesBuildPhase section */
		CE35BBF222FF07DA00DC1434 /* Sources */ = {
			isa = PBXSourcesBuildPhase;
			buildActionMask = 2147483647;
			files = (
				CE01C9872301A10A00C87440 /* General.swift in Sources */,
				CE35BC6722FF14EB00DC1434 /* UITextView+Extensions.swift in Sources */,
				CE650637233E01E800D843C5 /* VideoPlayerViewController.swift in Sources */,
				CE35BC6622FF14EB00DC1434 /* String+Extensions.swift in Sources */,
				CE62AF38233E82C000F71489 /* AVKitViewController.swift in Sources */,
				CE35BC8422FF14EB00DC1434 /* ContactsPickerViewController.swift in Sources */,
				CE35BC7122FF14EB00DC1434 /* AttributedTextBlock.swift in Sources */,
				CE35BC8922FF14EB00DC1434 /* DatePickerViewController.swift in Sources */,
				CE35BC7F22FF14EB00DC1434 /* LocationPickerViewController.swift in Sources */,
				CE35BC9622FF1E5B00DC1434 /* Alert.swift in Sources */,
				CE35BC8C22FF14EB00DC1434 /* PhotoLayout.swift in Sources */,
				CE35BC6222FF14EB00DC1434 /* UIImageView+Extensions.swift in Sources */,
				CE35BC6A22FF14EB00DC1434 /* UISearchBar+Extensions.swift in Sources */,
				CEDF5C0C2301D4F0007426D2 /* SwiftGif.swift in Sources */,
				CEDF5C082301D19D007426D2 /* Device.swift in Sources */,
				CE35BC7722FF14EB00DC1434 /* PhoneCodeCell.swift in Sources */,
				CE35BC9422FF14EB00DC1434 /* Button.swift in Sources */,
				CE35BC7822FF14EB00DC1434 /* CurrencyCell.swift in Sources */,
				CE5226FC22FF372D007F5A9D /* Image.swift in Sources */,
				CE35BC0E22FF08F400DC1434 /* String.swift in Sources */,
				CE35BC8E22FF14EB00DC1434 /* ItemWithPhoto.swift in Sources */,
				CE35BC6B22FF14EB00DC1434 /* UIApplication+Extensions.swift in Sources */,
				CE35BC9022FF14EB00DC1434 /* Label.swift in Sources */,
				CE35BC9322FF14EB00DC1434 /* TextField.swift in Sources */,
				CEE85BAE233F8A89007526E5 /* PdfReaderViewController.swift in Sources */,
				CE35BC8622FF14EB00DC1434 /* Contact.swift in Sources */,
				CE35BC8722FF14EB00DC1434 /* ContactCell.swift in Sources */,
				CEFDBA88233D417A0077E480 /* AudioPlayerViewController.swift in Sources */,
				CEAA5245233E4D3000551546 /* Number.swift in Sources */,
				CEDF5C002301C242007426D2 /* SwiftLocation.swift in Sources */,
				CE35BBFC22FF07DA00DC1434 /* ViewController.swift in Sources */,
				CE35BC6322FF14EB00DC1434 /* UIViewController+Extensions.swift in Sources */,
				CE35BC6F22FF14EB00DC1434 /* Locale+Extensions.swift in Sources */,
				CE35BC6122FF14EB00DC1434 /* UISegmentedControl+Extensions.swift in Sources */,
				CE35BC7222FF14EB00DC1434 /* TextViewController.swift in Sources */,
				CE35BC9122FF14EB00DC1434 /* SegmentedControl.swift in Sources */,
				CE35BC6822FF14EB00DC1434 /* UIColor+Extensions.swift in Sources */,
				CE35BC7A22FF14EB00DC1434 /* TwoTextFieldsViewController.swift in Sources */,
				CE35BC7422FF14EB00DC1434 /* LocaleStore.swift in Sources */,
				CE35BC6E22FF14EB00DC1434 /* Common+Extensions.swift in Sources */,
				CE35BC8022FF14EB00DC1434 /* SearchHistoryManager.swift in Sources */,
				CE35BC8222FF14EB00DC1434 /* Address.swift in Sources */,
				CE35BC7E22FF14EB00DC1434 /* LocationSearchResultsViewController.swift in Sources */,
				CE35BC6C22FF14EB00DC1434 /* UIAlertController+Extensions.swift in Sources */,
				CE01C98323019FD700C87440 /* Request.swift in Sources */,
				CE35BC8522FF14EB00DC1434 /* Contacts.swift in Sources */,
				CE35BC8122FF14EB00DC1434 /* Location.swift in Sources */,
				CEAA5247233E5FC900551546 /* Subtitle.swift in Sources */,
				CEAA5243233E38E000551546 /* Media.swift in Sources */,
				CE35BC7022FF14EB00DC1434 /* UITextField+Extensions.swift in Sources */,
				CE35BBFA22FF07DA00DC1434 /* AppDelegate.swift in Sources */,
				CE35BC7922FF14EB00DC1434 /* CountryCell.swift in Sources */,
				CE35BC7622FF14EB00DC1434 /* LocalePickerViewController.swift in Sources */,
				CE35BC6422FF14EB00DC1434 /* UIView+Extensions.swift in Sources */,
				CE35BC6D22FF14EB00DC1434 /* Optional+Extensions.swift in Sources */,
				CE35BC6922FF14EB00DC1434 /* UIImage+Extensions.swift in Sources */,
				CE35BC8A22FF14EB00DC1434 /* ImagePickerViewController.swift in Sources */,
				CE35BC6022FF14EB00DC1434 /* Array+Extensions.swift in Sources */,
				CED52F5D233A1C3300B5E6D6 /* Navigation.swift in Sources */,
				CE35BC8F22FF14EB00DC1434 /* LikeButtonCell.swift in Sources */,
				CE35BC8D22FF14EB00DC1434 /* TelegramPickerViewController.swift in Sources */,
				CE35BC6522FF14EB00DC1434 /* Date+Extension.swift in Sources */,
				CE35BC7C22FF14EB00DC1434 /* Assets.swift in Sources */,
				CE35BC7D22FF14EB00DC1434 /* PhotoLibraryPickerViewController.swift in Sources */,
				CE35BC9222FF14EB00DC1434 /* GradientSlider.swift in Sources */,
				CE35BC8822FF14EB00DC1434 /* ColorPickerViewController.swift in Sources */,
				CE35BC8B22FF14EB00DC1434 /* ItemWithImage.swift in Sources */,
				CE35BC8322FF14EB00DC1434 /* PickerViewViewController.swift in Sources */,
				CE35BC7B22FF14EB00DC1434 /* OneTextFieldViewController.swift in Sources */,
				CE35BC7522FF14EB00DC1434 /* LocaleInfo.swift in Sources */,
			);
			runOnlyForDeploymentPostprocessing = 0;
		};
/* End PBXSourcesBuildPhase section */

/* Begin PBXVariantGroup section */
		CE35BBFD22FF07DA00DC1434 /* Main.storyboard */ = {
			isa = PBXVariantGroup;
			children = (
				CE35BBFE22FF07DA00DC1434 /* Base */,
			);
			name = Main.storyboard;
			sourceTree = "<group>";
		};
		CE35BC0222FF07DC00DC1434 /* LaunchScreen.storyboard */ = {
			isa = PBXVariantGroup;
			children = (
				CE35BC0322FF07DC00DC1434 /* Base */,
			);
			name = LaunchScreen.storyboard;
			sourceTree = "<group>";
		};
/* End PBXVariantGroup section */

/* Begin XCBuildConfiguration section */
		CE35BC0622FF07DC00DC1434 /* Debug */ = {
			isa = XCBuildConfiguration;
			buildSettings = {
				ALWAYS_SEARCH_USER_PATHS = NO;
				CLANG_ANALYZER_NONNULL = YES;
				CLANG_ANALYZER_NUMBER_OBJECT_CONVERSION = YES_AGGRESSIVE;
				CLANG_CXX_LANGUAGE_STANDARD = "gnu++14";
				CLANG_CXX_LIBRARY = "libc++";
				CLANG_ENABLE_MODULES = YES;
				CLANG_ENABLE_OBJC_ARC = YES;
				CLANG_ENABLE_OBJC_WEAK = YES;
				CLANG_WARN_BLOCK_CAPTURE_AUTORELEASING = YES;
				CLANG_WARN_BOOL_CONVERSION = YES;
				CLANG_WARN_COMMA = YES;
				CLANG_WARN_CONSTANT_CONVERSION = YES;
				CLANG_WARN_DEPRECATED_OBJC_IMPLEMENTATIONS = YES;
				CLANG_WARN_DIRECT_OBJC_ISA_USAGE = YES_ERROR;
				CLANG_WARN_DOCUMENTATION_COMMENTS = YES;
				CLANG_WARN_EMPTY_BODY = YES;
				CLANG_WARN_ENUM_CONVERSION = YES;
				CLANG_WARN_INFINITE_RECURSION = YES;
				CLANG_WARN_INT_CONVERSION = YES;
				CLANG_WARN_NON_LITERAL_NULL_CONVERSION = YES;
				CLANG_WARN_OBJC_IMPLICIT_RETAIN_SELF = YES;
				CLANG_WARN_OBJC_LITERAL_CONVERSION = YES;
				CLANG_WARN_OBJC_ROOT_CLASS = YES_ERROR;
				CLANG_WARN_RANGE_LOOP_ANALYSIS = YES;
				CLANG_WARN_STRICT_PROTOTYPES = YES;
				CLANG_WARN_SUSPICIOUS_MOVE = YES;
				CLANG_WARN_UNGUARDED_AVAILABILITY = YES_AGGRESSIVE;
				CLANG_WARN_UNREACHABLE_CODE = YES;
				CLANG_WARN__DUPLICATE_METHOD_MATCH = YES;
				CODE_SIGN_IDENTITY = "iPhone Developer";
				COPY_PHASE_STRIP = NO;
				DEBUG_INFORMATION_FORMAT = dwarf;
				ENABLE_STRICT_OBJC_MSGSEND = YES;
				ENABLE_TESTABILITY = YES;
				GCC_C_LANGUAGE_STANDARD = gnu11;
				GCC_DYNAMIC_NO_PIC = NO;
				GCC_NO_COMMON_BLOCKS = YES;
				GCC_OPTIMIZATION_LEVEL = 0;
				GCC_PREPROCESSOR_DEFINITIONS = (
					"DEBUG=1",
					"$(inherited)",
				);
				GCC_WARN_64_TO_32_BIT_CONVERSION = YES;
				GCC_WARN_ABOUT_RETURN_TYPE = YES_ERROR;
				GCC_WARN_UNDECLARED_SELECTOR = YES;
				GCC_WARN_UNINITIALIZED_AUTOS = YES_AGGRESSIVE;
				GCC_WARN_UNUSED_FUNCTION = YES;
				GCC_WARN_UNUSED_VARIABLE = YES;
				IPHONEOS_DEPLOYMENT_TARGET = 12.2;
				MTL_ENABLE_DEBUG_INFO = INCLUDE_SOURCE;
				MTL_FAST_MATH = YES;
				ONLY_ACTIVE_ARCH = YES;
				SDKROOT = iphoneos;
				SWIFT_ACTIVE_COMPILATION_CONDITIONS = DEBUG;
				SWIFT_ENABLE_BATCH_MODE = NO;
				SWIFT_OPTIMIZATION_LEVEL = "-Onone";
			};
			name = Debug;
		};
		CE35BC0722FF07DC00DC1434 /* Release */ = {
			isa = XCBuildConfiguration;
			buildSettings = {
				ALWAYS_SEARCH_USER_PATHS = NO;
				CLANG_ANALYZER_NONNULL = YES;
				CLANG_ANALYZER_NUMBER_OBJECT_CONVERSION = YES_AGGRESSIVE;
				CLANG_CXX_LANGUAGE_STANDARD = "gnu++14";
				CLANG_CXX_LIBRARY = "libc++";
				CLANG_ENABLE_MODULES = YES;
				CLANG_ENABLE_OBJC_ARC = YES;
				CLANG_ENABLE_OBJC_WEAK = YES;
				CLANG_WARN_BLOCK_CAPTURE_AUTORELEASING = YES;
				CLANG_WARN_BOOL_CONVERSION = YES;
				CLANG_WARN_COMMA = YES;
				CLANG_WARN_CONSTANT_CONVERSION = YES;
				CLANG_WARN_DEPRECATED_OBJC_IMPLEMENTATIONS = YES;
				CLANG_WARN_DIRECT_OBJC_ISA_USAGE = YES_ERROR;
				CLANG_WARN_DOCUMENTATION_COMMENTS = YES;
				CLANG_WARN_EMPTY_BODY = YES;
				CLANG_WARN_ENUM_CONVERSION = YES;
				CLANG_WARN_INFINITE_RECURSION = YES;
				CLANG_WARN_INT_CONVERSION = YES;
				CLANG_WARN_NON_LITERAL_NULL_CONVERSION = YES;
				CLANG_WARN_OBJC_IMPLICIT_RETAIN_SELF = YES;
				CLANG_WARN_OBJC_LITERAL_CONVERSION = YES;
				CLANG_WARN_OBJC_ROOT_CLASS = YES_ERROR;
				CLANG_WARN_RANGE_LOOP_ANALYSIS = YES;
				CLANG_WARN_STRICT_PROTOTYPES = YES;
				CLANG_WARN_SUSPICIOUS_MOVE = YES;
				CLANG_WARN_UNGUARDED_AVAILABILITY = YES_AGGRESSIVE;
				CLANG_WARN_UNREACHABLE_CODE = YES;
				CLANG_WARN__DUPLICATE_METHOD_MATCH = YES;
				CODE_SIGN_IDENTITY = "iPhone Developer";
				COPY_PHASE_STRIP = NO;
				DEBUG_INFORMATION_FORMAT = "dwarf-with-dsym";
				ENABLE_NS_ASSERTIONS = NO;
				ENABLE_STRICT_OBJC_MSGSEND = YES;
				GCC_C_LANGUAGE_STANDARD = gnu11;
				GCC_NO_COMMON_BLOCKS = YES;
				GCC_WARN_64_TO_32_BIT_CONVERSION = YES;
				GCC_WARN_ABOUT_RETURN_TYPE = YES_ERROR;
				GCC_WARN_UNDECLARED_SELECTOR = YES;
				GCC_WARN_UNINITIALIZED_AUTOS = YES_AGGRESSIVE;
				GCC_WARN_UNUSED_FUNCTION = YES;
				GCC_WARN_UNUSED_VARIABLE = YES;
				IPHONEOS_DEPLOYMENT_TARGET = 12.2;
				MTL_ENABLE_DEBUG_INFO = NO;
				MTL_FAST_MATH = YES;
				SDKROOT = iphoneos;
				SWIFT_COMPILATION_MODE = wholemodule;
				SWIFT_ENABLE_BATCH_MODE = NO;
				SWIFT_OPTIMIZATION_LEVEL = "-O";
				VALIDATE_PRODUCT = YES;
			};
			name = Release;
		};
		CE35BC0922FF07DC00DC1434 /* Debug */ = {
			isa = XCBuildConfiguration;
			baseConfigurationReference = 9658D9A068CBE1411F4E33C9 /* Pods-Utilities-iOS.debug.xcconfig */;
			buildSettings = {
				ASSETCATALOG_COMPILER_APPICON_NAME = AppIcon;
				CODE_SIGN_STYLE = Automatic;
				DEVELOPMENT_TEAM = U529LCXR28;
				INFOPLIST_FILE = "Utilities-iOS/Info.plist";
				LD_RUNPATH_SEARCH_PATHS = (
					"$(inherited)",
					"@executable_path/Frameworks",
				);
				PRODUCT_BUNDLE_IDENTIFIER = "com.sinamn75.Utilities-iOS";
				PRODUCT_NAME = "$(TARGET_NAME)";
				SWIFT_VERSION = 5.0;
				TARGETED_DEVICE_FAMILY = "1,2";
			};
			name = Debug;
		};
		CE35BC0A22FF07DC00DC1434 /* Release */ = {
			isa = XCBuildConfiguration;
			baseConfigurationReference = 1EBD14DC1D7DD13A87D28C84 /* Pods-Utilities-iOS.release.xcconfig */;
			buildSettings = {
				ASSETCATALOG_COMPILER_APPICON_NAME = AppIcon;
				CODE_SIGN_STYLE = Automatic;
				DEVELOPMENT_TEAM = U529LCXR28;
				INFOPLIST_FILE = "Utilities-iOS/Info.plist";
				LD_RUNPATH_SEARCH_PATHS = (
					"$(inherited)",
					"@executable_path/Frameworks",
				);
				PRODUCT_BUNDLE_IDENTIFIER = "com.sinamn75.Utilities-iOS";
				PRODUCT_NAME = "$(TARGET_NAME)";
				SWIFT_VERSION = 5.0;
				TARGETED_DEVICE_FAMILY = "1,2";
			};
			name = Release;
		};
/* End XCBuildConfiguration section */

/* Begin XCConfigurationList section */
		CE35BBF122FF07DA00DC1434 /* Build configuration list for PBXProject "Utilities-iOS" */ = {
			isa = XCConfigurationList;
			buildConfigurations = (
				CE35BC0622FF07DC00DC1434 /* Debug */,
				CE35BC0722FF07DC00DC1434 /* Release */,
			);
			defaultConfigurationIsVisible = 0;
			defaultConfigurationName = Release;
		};
		CE35BC0822FF07DC00DC1434 /* Build configuration list for PBXNativeTarget "Utilities-iOS" */ = {
			isa = XCConfigurationList;
			buildConfigurations = (
				CE35BC0922FF07DC00DC1434 /* Debug */,
				CE35BC0A22FF07DC00DC1434 /* Release */,
			);
			defaultConfigurationIsVisible = 0;
			defaultConfigurationName = Release;
		};
/* End XCConfigurationList section */
	};
	rootObject = CE35BBEE22FF07DA00DC1434 /* Project object */;
}
